// !$*UTF8*$!
{
	archiveVersion = 1;
	classes = {
	};
	objectVersion = 46;
	objects = {

/* Begin PBXBuildFile section */
		C70FD7AB1E5D436400120E36 /* NotificationManager.swift in Sources */ = {isa = PBXBuildFile; fileRef = C70FD7AA1E5D436400120E36 /* NotificationManager.swift */; };
		C70FD7AD1E5D4FFA00120E36 /* Meme.swift in Sources */ = {isa = PBXBuildFile; fileRef = C70FD7AC1E5D4FFA00120E36 /* Meme.swift */; };
		C70FD7B51E5D629700120E36 /* UIPresenter.swift in Sources */ = {isa = PBXBuildFile; fileRef = C70FD7B41E5D629700120E36 /* UIPresenter.swift */; };
		C70FD7B71E5D6A7200120E36 /* MemeManager.swift in Sources */ = {isa = PBXBuildFile; fileRef = C70FD7B61E5D6A7200120E36 /* MemeManager.swift */; };
		C795169E1E5C0F240076A7B1 /* AlertManager.swift in Sources */ = {isa = PBXBuildFile; fileRef = C795169D1E5C0F240076A7B1 /* AlertManager.swift */; };
		C7B9BFA71E615391004EFC95 /* MemeCollectionViewCell.swift in Sources */ = {isa = PBXBuildFile; fileRef = C7B9BFA61E615391004EFC95 /* MemeCollectionViewCell.swift */; };
		C7BCBDA21E519AA300E3A043 /* AppDelegate.swift in Sources */ = {isa = PBXBuildFile; fileRef = C7BCBDA11E519AA300E3A043 /* AppDelegate.swift */; };
		C7BCBDA41E519AA300E3A043 /* MemeViewController.swift in Sources */ = {isa = PBXBuildFile; fileRef = C7BCBDA31E519AA300E3A043 /* MemeViewController.swift */; };
		C7BCBDA71E519AA300E3A043 /* Main.storyboard in Resources */ = {isa = PBXBuildFile; fileRef = C7BCBDA51E519AA300E3A043 /* Main.storyboard */; };
		C7BCBDA91E519AA300E3A043 /* Assets.xcassets in Resources */ = {isa = PBXBuildFile; fileRef = C7BCBDA81E519AA300E3A043 /* Assets.xcassets */; };
		C7BCBDAC1E519AA300E3A043 /* LaunchScreen.storyboard in Resources */ = {isa = PBXBuildFile; fileRef = C7BCBDAA1E519AA300E3A043 /* LaunchScreen.storyboard */; };
		C7C0A4C11E5FE77300ECC4C7 /* MemeListTableViewController.swift in Sources */ = {isa = PBXBuildFile; fileRef = C7C0A4C01E5FE77300ECC4C7 /* MemeListTableViewController.swift */; };
		C7C0A4C31E5FE78D00ECC4C7 /* MemeListCollectionViewController.swift in Sources */ = {isa = PBXBuildFile; fileRef = C7C0A4C21E5FE78D00ECC4C7 /* MemeListCollectionViewController.swift */; };
		C7C0A4C51E5FE90100ECC4C7 /* MemeCollection.swift in Sources */ = {isa = PBXBuildFile; fileRef = C7C0A4C41E5FE90100ECC4C7 /* MemeCollection.swift */; };
		C7C0A4C71E5FECB400ECC4C7 /* MemeTableViewCell.swift in Sources */ = {isa = PBXBuildFile; fileRef = C7C0A4C61E5FECB400ECC4C7 /* MemeTableViewCell.swift */; };
		C7C0A4C91E5FFAAD00ECC4C7 /* MemeDetailViewController.swift in Sources */ = {isa = PBXBuildFile; fileRef = C7C0A4C81E5FFAAD00ECC4C7 /* MemeDetailViewController.swift */; };
		C7CFCD501E52AF13005209D7 /* PermanentMarker.ttf in Resources */ = {isa = PBXBuildFile; fileRef = C7CFCD4F1E52AF03005209D7 /* PermanentMarker.ttf */; };
		C7CFCD521E52C964005209D7 /* Constants.swift in Sources */ = {isa = PBXBuildFile; fileRef = C7CFCD511E52C964005209D7 /* Constants.swift */; };
/* End PBXBuildFile section */

/* Begin PBXFileReference section */
		C70FD7AA1E5D436400120E36 /* NotificationManager.swift */ = {isa = PBXFileReference; fileEncoding = 4; lastKnownFileType = sourcecode.swift; path = NotificationManager.swift; sourceTree = "<group>"; };
		C70FD7AC1E5D4FFA00120E36 /* Meme.swift */ = {isa = PBXFileReference; fileEncoding = 4; lastKnownFileType = sourcecode.swift; path = Meme.swift; sourceTree = "<group>"; };
		C70FD7B41E5D629700120E36 /* UIPresenter.swift */ = {isa = PBXFileReference; fileEncoding = 4; lastKnownFileType = sourcecode.swift; path = UIPresenter.swift; sourceTree = "<group>"; };
		C70FD7B61E5D6A7200120E36 /* MemeManager.swift */ = {isa = PBXFileReference; fileEncoding = 4; lastKnownFileType = sourcecode.swift; path = MemeManager.swift; sourceTree = "<group>"; };
		C795169D1E5C0F240076A7B1 /* AlertManager.swift */ = {isa = PBXFileReference; fileEncoding = 4; lastKnownFileType = sourcecode.swift; path = AlertManager.swift; sourceTree = "<group>"; };
		C7B9BFA61E615391004EFC95 /* MemeCollectionViewCell.swift */ = {isa = PBXFileReference; fileEncoding = 4; lastKnownFileType = sourcecode.swift; path = MemeCollectionViewCell.swift; sourceTree = "<group>"; };
		C7BCBD9E1E519AA300E3A043 /* MemeMe.app */ = {isa = PBXFileReference; explicitFileType = wrapper.application; includeInIndex = 0; path = MemeMe.app; sourceTree = BUILT_PRODUCTS_DIR; };
		C7BCBDA11E519AA300E3A043 /* AppDelegate.swift */ = {isa = PBXFileReference; lastKnownFileType = sourcecode.swift; path = AppDelegate.swift; sourceTree = "<group>"; };
		C7BCBDA31E519AA300E3A043 /* MemeViewController.swift */ = {isa = PBXFileReference; lastKnownFileType = sourcecode.swift; path = MemeViewController.swift; sourceTree = "<group>"; };
		C7BCBDA61E519AA300E3A043 /* Base */ = {isa = PBXFileReference; lastKnownFileType = file.storyboard; name = Base; path = Base.lproj/Main.storyboard; sourceTree = "<group>"; };
		C7BCBDA81E519AA300E3A043 /* Assets.xcassets */ = {isa = PBXFileReference; lastKnownFileType = folder.assetcatalog; path = Assets.xcassets; sourceTree = "<group>"; };
		C7BCBDAB1E519AA300E3A043 /* Base */ = {isa = PBXFileReference; lastKnownFileType = file.storyboard; name = Base; path = Base.lproj/LaunchScreen.storyboard; sourceTree = "<group>"; };
		C7BCBDAD1E519AA300E3A043 /* Info.plist */ = {isa = PBXFileReference; lastKnownFileType = text.plist.xml; path = Info.plist; sourceTree = "<group>"; };
		C7C0A4C01E5FE77300ECC4C7 /* MemeListTableViewController.swift */ = {isa = PBXFileReference; fileEncoding = 4; lastKnownFileType = sourcecode.swift; path = MemeListTableViewController.swift; sourceTree = "<group>"; };
		C7C0A4C21E5FE78D00ECC4C7 /* MemeListCollectionViewController.swift */ = {isa = PBXFileReference; fileEncoding = 4; lastKnownFileType = sourcecode.swift; path = MemeListCollectionViewController.swift; sourceTree = "<group>"; };
		C7C0A4C41E5FE90100ECC4C7 /* MemeCollection.swift */ = {isa = PBXFileReference; fileEncoding = 4; lastKnownFileType = sourcecode.swift; path = MemeCollection.swift; sourceTree = "<group>"; };
		C7C0A4C61E5FECB400ECC4C7 /* MemeTableViewCell.swift */ = {isa = PBXFileReference; fileEncoding = 4; lastKnownFileType = sourcecode.swift; path = MemeTableViewCell.swift; sourceTree = "<group>"; };
		C7C0A4C81E5FFAAD00ECC4C7 /* MemeDetailViewController.swift */ = {isa = PBXFileReference; fileEncoding = 4; lastKnownFileType = sourcecode.swift; path = MemeDetailViewController.swift; sourceTree = "<group>"; };
		C7CFCD4F1E52AF03005209D7 /* PermanentMarker.ttf */ = {isa = PBXFileReference; lastKnownFileType = file; path = PermanentMarker.ttf; sourceTree = "<group>"; };
		C7CFCD511E52C964005209D7 /* Constants.swift */ = {isa = PBXFileReference; fileEncoding = 4; lastKnownFileType = sourcecode.swift; path = Constants.swift; sourceTree = "<group>"; };
/* End PBXFileReference section */

/* Begin PBXFrameworksBuildPhase section */
		C7BCBD9B1E519AA300E3A043 /* Frameworks */ = {
			isa = PBXFrameworksBuildPhase;
			buildActionMask = 2147483647;
			files = (
			);
			runOnlyForDeploymentPostprocessing = 0;
		};
/* End PBXFrameworksBuildPhase section */

/* Begin PBXGroup section */
		C70FD7AE1E5D5AB600120E36 /* Models */ = {
			isa = PBXGroup;
			children = (
				C70FD7AC1E5D4FFA00120E36 /* Meme.swift */,
				C7C0A4C41E5FE90100ECC4C7 /* MemeCollection.swift */,
			);
			name = Models;
			sourceTree = "<group>";
		};
		C70FD7AF1E5D5ABD00120E36 /* Managers */ = {
			isa = PBXGroup;
			children = (
				C795169D1E5C0F240076A7B1 /* AlertManager.swift */,
				C70FD7B61E5D6A7200120E36 /* MemeManager.swift */,
				C70FD7AA1E5D436400120E36 /* NotificationManager.swift */,
				C70FD7B41E5D629700120E36 /* UIPresenter.swift */,
			);
			name = Managers;
			sourceTree = "<group>";
		};
		C70FD7B01E5D5AC400120E36 /* ViewControllers */ = {
			isa = PBXGroup;
			children = (
				C7BCBDA31E519AA300E3A043 /* MemeViewController.swift */,
				C7C0A4C01E5FE77300ECC4C7 /* MemeListTableViewController.swift */,
				C7C0A4C21E5FE78D00ECC4C7 /* MemeListCollectionViewController.swift */,
				C7C0A4C61E5FECB400ECC4C7 /* MemeTableViewCell.swift */,
				C7C0A4C81E5FFAAD00ECC4C7 /* MemeDetailViewController.swift */,
				C7B9BFA61E615391004EFC95 /* MemeCollectionViewCell.swift */,
			);
			name = ViewControllers;
			sourceTree = "<group>";
		};
		C70FD7B11E5D5ACE00120E36 /* UserInterface */ = {
			isa = PBXGroup;
			children = (
				C7BCBDA51E519AA300E3A043 /* Main.storyboard */,
				C7BCBDA81E519AA300E3A043 /* Assets.xcassets */,
				C7BCBDAA1E519AA300E3A043 /* LaunchScreen.storyboard */,
			);
			name = UserInterface;
			sourceTree = "<group>";
		};
		C70FD7B21E5D5AE100120E36 /* Utilities */ = {
			isa = PBXGroup;
			children = (
				C7CFCD511E52C964005209D7 /* Constants.swift */,
			);
			name = Utilities;
			sourceTree = "<group>";
		};
		C70FD7B31E5D5AED00120E36 /* SupportingFiles */ = {
			isa = PBXGroup;
			children = (
				C7BCBDAD1E519AA300E3A043 /* Info.plist */,
				C7CFCD4F1E52AF03005209D7 /* PermanentMarker.ttf */,
			);
			name = SupportingFiles;
			sourceTree = "<group>";
		};
		C7BCBD951E519AA300E3A043 = {
			isa = PBXGroup;
			children = (
				C7BCBDA01E519AA300E3A043 /* MemeMe */,
				C7BCBD9F1E519AA300E3A043 /* Products */,
			);
			sourceTree = "<group>";
		};
		C7BCBD9F1E519AA300E3A043 /* Products */ = {
			isa = PBXGroup;
			children = (
				C7BCBD9E1E519AA300E3A043 /* MemeMe.app */,
			);
			name = Products;
			sourceTree = "<group>";
		};
		C7BCBDA01E519AA300E3A043 /* MemeMe */ = {
			isa = PBXGroup;
			children = (
				C7BCBDA11E519AA300E3A043 /* AppDelegate.swift */,
				C70FD7AF1E5D5ABD00120E36 /* Managers */,
				C70FD7AE1E5D5AB600120E36 /* Models */,
				C70FD7B31E5D5AED00120E36 /* SupportingFiles */,
				C70FD7B11E5D5ACE00120E36 /* UserInterface */,
				C70FD7B21E5D5AE100120E36 /* Utilities */,
				C70FD7B01E5D5AC400120E36 /* ViewControllers */,
			);
			path = MemeMe;
			sourceTree = "<group>";
		};
/* End PBXGroup section */

/* Begin PBXNativeTarget section */
		C7BCBD9D1E519AA300E3A043 /* MemeMe */ = {
			isa = PBXNativeTarget;
			buildConfigurationList = C7BCBDB01E519AA300E3A043 /* Build configuration list for PBXNativeTarget "MemeMe" */;
			buildPhases = (
				C7BCBD9A1E519AA300E3A043 /* Sources */,
				C7BCBD9B1E519AA300E3A043 /* Frameworks */,
				C7BCBD9C1E519AA300E3A043 /* Resources */,
			);
			buildRules = (
			);
			dependencies = (
			);
			name = MemeMe;
			productName = MemeMe;
			productReference = C7BCBD9E1E519AA300E3A043 /* MemeMe.app */;
			productType = "com.apple.product-type.application";
		};
/* End PBXNativeTarget section */

/* Begin PBXProject section */
		C7BCBD961E519AA300E3A043 /* Project object */ = {
			isa = PBXProject;
			attributes = {
				LastSwiftUpdateCheck = 0820;
				LastUpgradeCheck = 1000;
				ORGANIZATIONNAME = Udacity;
				TargetAttributes = {
					C7BCBD9D1E519AA300E3A043 = {
						CreatedOnToolsVersion = 8.2.1;
						DevelopmentTeam = F4E4V7ZGJJ;
						LastSwiftMigration = 1000;
						ProvisioningStyle = Automatic;
					};
				};
			};
			buildConfigurationList = C7BCBD991E519AA300E3A043 /* Build configuration list for PBXProject "MemeMe" */;
			compatibilityVersion = "Xcode 3.2";
			developmentRegion = English;
			hasScannedForEncodings = 0;
			knownRegions = (
				en,
				Base,
			);
			mainGroup = C7BCBD951E519AA300E3A043;
			productRefGroup = C7BCBD9F1E519AA300E3A043 /* Products */;
			projectDirPath = "";
			projectRoot = "";
			targets = (
				C7BCBD9D1E519AA300E3A043 /* MemeMe */,
			);
		};
/* End PBXProject section */

/* Begin PBXResourcesBuildPhase section */
		C7BCBD9C1E519AA300E3A043 /* Resources */ = {
			isa = PBXResourcesBuildPhase;
			buildActionMask = 2147483647;
			files = (
				C7CFCD501E52AF13005209D7 /* PermanentMarker.ttf in Resources */,
				C7BCBDAC1E519AA300E3A043 /* LaunchScreen.storyboard in Resources */,
				C7BCBDA91E519AA300E3A043 /* Assets.xcassets in Resources */,
				C7BCBDA71E519AA300E3A043 /* Main.storyboard in Resources */,
			);
			runOnlyForDeploymentPostprocessing = 0;
		};
/* End PBXResourcesBuildPhase section */

/* Begin PBXSourcesBuildPhase section */
		C7BCBD9A1E519AA300E3A043 /* Sources */ = {
			isa = PBXSourcesBuildPhase;
			buildActionMask = 2147483647;
			files = (
				C7C0A4C51E5FE90100ECC4C7 /* MemeCollection.swift in Sources */,
				C7BCBDA41E519AA300E3A043 /* MemeViewController.swift in Sources */,
				C7BCBDA21E519AA300E3A043 /* AppDelegate.swift in Sources */,
				C70FD7AB1E5D436400120E36 /* NotificationManager.swift in Sources */,
				C7B9BFA71E615391004EFC95 /* MemeCollectionViewCell.swift in Sources */,
				C7C0A4C91E5FFAAD00ECC4C7 /* MemeDetailViewController.swift in Sources */,
				C7C0A4C11E5FE77300ECC4C7 /* MemeListTableViewController.swift in Sources */,
				C70FD7B71E5D6A7200120E36 /* MemeManager.swift in Sources */,
				C70FD7AD1E5D4FFA00120E36 /* Meme.swift in Sources */,
				C795169E1E5C0F240076A7B1 /* AlertManager.swift in Sources */,
				C7CFCD521E52C964005209D7 /* Constants.swift in Sources */,
				C7C0A4C71E5FECB400ECC4C7 /* MemeTableViewCell.swift in Sources */,
				C7C0A4C31E5FE78D00ECC4C7 /* MemeListCollectionViewController.swift in Sources */,
				C70FD7B51E5D629700120E36 /* UIPresenter.swift in Sources */,
			);
			runOnlyForDeploymentPostprocessing = 0;
		};
/* End PBXSourcesBuildPhase section */

/* Begin PBXVariantGroup section */
		C7BCBDA51E519AA300E3A043 /* Main.storyboard */ = {
			isa = PBXVariantGroup;
			children = (
				C7BCBDA61E519AA300E3A043 /* Base */,
			);
			name = Main.storyboard;
			sourceTree = "<group>";
		};
		C7BCBDAA1E519AA300E3A043 /* LaunchScreen.storyboard */ = {
			isa = PBXVariantGroup;
			children = (
				C7BCBDAB1E519AA300E3A043 /* Base */,
			);
			name = LaunchScreen.storyboard;
			sourceTree = "<group>";
		};
/* End PBXVariantGroup section */

/* Begin XCBuildConfiguration section */
		C7BCBDAE1E519AA300E3A043 /* Debug */ = {
			isa = XCBuildConfiguration;
			buildSettings = {
				ALWAYS_SEARCH_USER_PATHS = NO;
				CLANG_ANALYZER_NONNULL = YES;
				CLANG_CXX_LANGUAGE_STANDARD = "gnu++0x";
				CLANG_CXX_LIBRARY = "libc++";
				CLANG_ENABLE_MODULES = YES;
				CLANG_ENABLE_OBJC_ARC = YES;
				CLANG_WARN_BLOCK_CAPTURE_AUTORELEASING = YES;
				CLANG_WARN_BOOL_CONVERSION = YES;
				CLANG_WARN_COMMA = YES;
				CLANG_WARN_CONSTANT_CONVERSION = YES;
				CLANG_WARN_DEPRECATED_OBJC_IMPLEMENTATIONS = YES;
				CLANG_WARN_DIRECT_OBJC_ISA_USAGE = YES_ERROR;
				CLANG_WARN_DOCUMENTATION_COMMENTS = YES;
				CLANG_WARN_EMPTY_BODY = YES;
				CLANG_WARN_ENUM_CONVERSION = YES;
				CLANG_WARN_INFINITE_RECURSION = YES;
				CLANG_WARN_INT_CONVERSION = YES;
				CLANG_WARN_NON_LITERAL_NULL_CONVERSION = YES;
				CLANG_WARN_OBJC_IMPLICIT_RETAIN_SELF = YES;
				CLANG_WARN_OBJC_LITERAL_CONVERSION = YES;
				CLANG_WARN_OBJC_ROOT_CLASS = YES_ERROR;
				CLANG_WARN_RANGE_LOOP_ANALYSIS = YES;
				CLANG_WARN_STRICT_PROTOTYPES = YES;
				CLANG_WARN_SUSPICIOUS_MOVE = YES;
				CLANG_WARN_UNREACHABLE_CODE = YES;
				CLANG_WARN__DUPLICATE_METHOD_MATCH = YES;
				"CODE_SIGN_IDENTITY[sdk=iphoneos*]" = "iPhone Developer";
				COPY_PHASE_STRIP = NO;
				DEBUG_INFORMATION_FORMAT = dwarf;
				ENABLE_STRICT_OBJC_MSGSEND = YES;
				ENABLE_TESTABILITY = YES;
				GCC_C_LANGUAGE_STANDARD = gnu99;
				GCC_DYNAMIC_NO_PIC = NO;
				GCC_NO_COMMON_BLOCKS = YES;
				GCC_OPTIMIZATION_LEVEL = 0;
				GCC_PREPROCESSOR_DEFINITIONS = (
					"DEBUG=1",
					"$(inherited)",
				);
				GCC_WARN_64_TO_32_BIT_CONVERSION = YES;
				GCC_WARN_ABOUT_RETURN_TYPE = YES_ERROR;
				GCC_WARN_UNDECLARED_SELECTOR = YES;
				GCC_WARN_UNINITIALIZED_AUTOS = YES_AGGRESSIVE;
				GCC_WARN_UNUSED_FUNCTION = YES;
				GCC_WARN_UNUSED_VARIABLE = YES;
				IPHONEOS_DEPLOYMENT_TARGET = 10.2;
				MTL_ENABLE_DEBUG_INFO = YES;
				ONLY_ACTIVE_ARCH = YES;
				SDKROOT = iphoneos;
				SWIFT_ACTIVE_COMPILATION_CONDITIONS = DEBUG;
				SWIFT_OPTIMIZATION_LEVEL = "-Onone";
				TARGETED_DEVICE_FAMILY = "1,2";
			};
			name = Debug;
		};
		C7BCBDAF1E519AA300E3A043 /* Release */ = {
			isa = XCBuildConfiguration;
			buildSettings = {
				ALWAYS_SEARCH_USER_PATHS = NO;
				CLANG_ANALYZER_NONNULL = YES;
				CLANG_CXX_LANGUAGE_STANDARD = "gnu++0x";
				CLANG_CXX_LIBRARY = "libc++";
				CLANG_ENABLE_MODULES = YES;
				CLANG_ENABLE_OBJC_ARC = YES;
				CLANG_WARN_BLOCK_CAPTURE_AUTORELEASING = YES;
				CLANG_WARN_BOOL_CONVERSION = YES;
				CLANG_WARN_COMMA = YES;
				CLANG_WARN_CONSTANT_CONVERSION = YES;
				CLANG_WARN_DEPRECATED_OBJC_IMPLEMENTATIONS = YES;
				CLANG_WARN_DIRECT_OBJC_ISA_USAGE = YES_ERROR;
				CLANG_WARN_DOCUMENTATION_COMMENTS = YES;
				CLANG_WARN_EMPTY_BODY = YES;
				CLANG_WARN_ENUM_CONVERSION = YES;
				CLANG_WARN_INFINITE_RECURSION = YES;
				CLANG_WARN_INT_CONVERSION = YES;
				CLANG_WARN_NON_LITERAL_NULL_CONVERSION = YES;
				CLANG_WARN_OBJC_IMPLICIT_RETAIN_SELF = YES;
				CLANG_WARN_OBJC_LITERAL_CONVERSION = YES;
				CLANG_WARN_OBJC_ROOT_CLASS = YES_ERROR;
				CLANG_WARN_RANGE_LOOP_ANALYSIS = YES;
				CLANG_WARN_STRICT_PROTOTYPES = YES;
				CLANG_WARN_SUSPICIOUS_MOVE = YES;
				CLANG_WARN_UNREACHABLE_CODE = YES;
				CLANG_WARN__DUPLICATE_METHOD_MATCH = YES;
				"CODE_SIGN_IDENTITY[sdk=iphoneos*]" = "iPhone Developer";
				COPY_PHASE_STRIP = NO;
				DEBUG_INFORMATION_FORMAT = "dwarf-with-dsym";
				ENABLE_NS_ASSERTIONS = NO;
				ENABLE_STRICT_OBJC_MSGSEND = YES;
				GCC_C_LANGUAGE_STANDARD = gnu99;
				GCC_NO_COMMON_BLOCKS = YES;
				GCC_WARN_64_TO_32_BIT_CONVERSION = YES;
				GCC_WARN_ABOUT_RETURN_TYPE = YES_ERROR;
				GCC_WARN_UNDECLARED_SELECTOR = YES;
				GCC_WARN_UNINITIALIZED_AUTOS = YES_AGGRESSIVE;
				GCC_WARN_UNUSED_FUNCTION = YES;
				GCC_WARN_UNUSED_VARIABLE = YES;
				IPHONEOS_DEPLOYMENT_TARGET = 10.2;
				MTL_ENABLE_DEBUG_INFO = NO;
				SDKROOT = iphoneos;
				SWIFT_OPTIMIZATION_LEVEL = "-Owholemodule";
				TARGETED_DEVICE_FAMILY = "1,2";
				VALIDATE_PRODUCT = YES;
			};
			name = Release;
		};
		C7BCBDB11E519AA300E3A043 /* Debug */ = {
			isa = XCBuildConfiguration;
			buildSettings = {
				ASSETCATALOG_COMPILER_APPICON_NAME = AppIcon;
				"CODE_SIGN_IDENTITY[sdk=iphoneos*]" = "iPhone Developer";
				DEVELOPMENT_TEAM = F4E4V7ZGJJ;
				INFOPLIST_FILE = MemeMe/Info.plist;
				LD_RUNPATH_SEARCH_PATHS = "$(inherited) @executable_path/Frameworks";
				PRODUCT_BUNDLE_IDENTIFIER = com.kaptest.atom.MemeMe;
				PRODUCT_NAME = "$(TARGET_NAME)";
				SWIFT_SWIFT3_OBJC_INFERENCE = Default;
				SWIFT_VERSION = 4.2;
			};
			name = Debug;
		};
		C7BCBDB21E519AA300E3A043 /* Release */ = {
			isa = XCBuildConfiguration;
			buildSettings = {
				ASSETCATALOG_COMPILER_APPICON_NAME = AppIcon;
				"CODE_SIGN_IDENTITY[sdk=iphoneos*]" = "iPhone Developer";
				DEVELOPMENT_TEAM = F4E4V7ZGJJ;
				INFOPLIST_FILE = MemeMe/Info.plist;
				LD_RUNPATH_SEARCH_PATHS = "$(inherited) @executable_path/Frameworks";
				PRODUCT_BUNDLE_IDENTIFIER = com.kaptest.atom.MemeMe;
				PRODUCT_NAME = "$(TARGET_NAME)";
				SWIFT_SWIFT3_OBJC_INFERENCE = Default;
				SWIFT_VERSION = 4.2;
			};
			name = Release;
		};
/* End XCBuildConfiguration section */

/* Begin XCConfigurationList section */
		C7BCBD991E519AA300E3A043 /* Build configuration list for PBXProject "MemeMe" */ = {
			isa = XCConfigurationList;
			buildConfigurations = (
				C7BCBDAE1E519AA300E3A043 /* Debug */,
				C7BCBDAF1E519AA300E3A043 /* Release */,
			);
			defaultConfigurationIsVisible = 0;
			defaultConfigurationName = Release;
		};
		C7BCBDB01E519AA300E3A043 /* Build configuration list for PBXNativeTarget "MemeMe" */ = {
			isa = XCConfigurationList;
			buildConfigurations = (
				C7BCBDB11E519AA300E3A043 /* Debug */,
				C7BCBDB21E519AA300E3A043 /* Release */,
			);
			defaultConfigurationIsVisible = 0;
			defaultConfigurationName = Release;
		};
/* End XCConfigurationList section */
	};
	rootObject = C7BCBD961E519AA300E3A043 /* Project object */;
}
